
Microsoft Visual Studio Solution File, Format Version 12.00
# Visual Studio Version 17
VisualStudioVersion = 17.9.34622.214
MinimumVisualStudioVersion = 10.0.40219.1
Project("{9A19103F-16F7-4668-BE54-9A1E7A4F7556}") = "Linq_Where", "Linq_Where\Linq_Where.csproj", "{574E1B95-2457-4078-84D5-608F5765F4E2}"
EndProject
Project("{9A19103F-16F7-4668-BE54-9A1E7A4F7556}") = "Linq_of_type", "Linq_of_type\Linq_of_type.csproj", "{33ECA7FE-DA40-42AC-8471-2AAD48BF79EB}"
EndProject
Project("{FAE04EC0-301F-11D3-BF4B-00C04F79EFBC}") = "Linq_OrderBy", "Linq_OrderBy\Linq_OrderBy.csproj", "{BC9E7C3D-78F8-4513-A6D5-38AB85487543}"
EndProject
Global
	GlobalSection(SolutionConfigurationPlatforms) = preSolution
		Debug|Any CPU = Debug|Any CPU
		Release|Any CPU = Release|Any CPU
	EndGlobalSection
	GlobalSection(ProjectConfigurationPlatforms) = postSolution
		{574E1B95-2457-4078-84D5-608F5765F4E2}.Debug|Any CPU.ActiveCfg = Debug|Any CPU
		{574E1B95-2457-4078-84D5-608F5765F4E2}.Debug|Any CPU.Build.0 = Debug|Any CPU
		{574E1B95-2457-4078-84D5-608F5765F4E2}.Release|Any CPU.ActiveCfg = Release|Any CPU
		{574E1B95-2457-4078-84D5-608F5765F4E2}.Release|Any CPU.Build.0 = Release|Any CPU
		{33ECA7FE-DA40-42AC-8471-2AAD48BF79EB}.Debug|Any CPU.ActiveCfg = Debug|Any CPU
		{33ECA7FE-DA40-42AC-8471-2AAD48BF79EB}.Debug|Any CPU.Build.0 = Debug|Any CPU
		{33ECA7FE-DA40-42AC-8471-2AAD48BF79EB}.Release|Any CPU.ActiveCfg = Release|Any CPU
		{33ECA7FE-DA40-42AC-8471-2AAD48BF79EB}.Release|Any CPU.Build.0 = Release|Any CPU
		{BC9E7C3D-78F8-4513-A6D5-38AB85487543}.Debug|Any CPU.ActiveCfg = Debug|Any CPU
		{BC9E7C3D-78F8-4513-A6D5-38AB85487543}.Debug|Any CPU.Build.0 = Debug|Any CPU
		{BC9E7C3D-78F8-4513-A6D5-38AB85487543}.Release|Any CPU.ActiveCfg = Release|Any CPU
		{BC9E7C3D-78F8-4513-A6D5-38AB85487543}.Release|Any CPU.Build.0 = Release|Any CPU
	EndGlobalSection
	GlobalSection(SolutionProperties) = preSolution
		HideSolutionNode = FALSE
	EndGlobalSection
	GlobalSection(ExtensibilityGlobals) = postSolution
		SolutionGuid = {1E25A25F-689B-4761-9E74-C619C513E459}
	EndGlobalSection
EndGlobal
